
Microsoft Visual Studio Solution File, Format Version 12.00
Project("{FAE04EC0-301F-11D3-BF4B-00C04F79EFBC}") = "WebApi", "WebApi\WebApi.csproj", "{463FCC02-272F-4CF0-83A7-9C5AB236CF2A}"
EndProject
Project("{FAE04EC0-301F-11D3-BF4B-00C04F79EFBC}") = "DBEntities", "DBEntities\DBEntities.csproj", "{6F34D376-34A7-458F-9975-C33229806489}"
EndProject
Project("{FAE04EC0-301F-11D3-BF4B-00C04F79EFBC}") = "Service", "Service\Service.csproj", "{C2607BB1-B81B-4B8C-96F4-9743B83B4C18}"
EndProject
Global
	GlobalSection(SolutionConfigurationPlatforms) = preSolution
		Debug|Any CPU = Debug|Any CPU
		Release|Any CPU = Release|Any CPU
	EndGlobalSection
	GlobalSection(ProjectConfigurationPlatforms) = postSolution
		{463FCC02-272F-4CF0-83A7-9C5AB236CF2A}.Debug|Any CPU.ActiveCfg = Debug|Any CPU
		{463FCC02-272F-4CF0-83A7-9C5AB236CF2A}.Debug|Any CPU.Build.0 = Debug|Any CPU
		{463FCC02-272F-4CF0-83A7-9C5AB236CF2A}.Release|Any CPU.ActiveCfg = Release|Any CPU
		{463FCC02-272F-4CF0-83A7-9C5AB236CF2A}.Release|Any CPU.Build.0 = Release|Any CPU
		{6F34D376-34A7-458F-9975-C33229806489}.Debug|Any CPU.ActiveCfg = Debug|Any CPU
		{6F34D376-34A7-458F-9975-C33229806489}.Debug|Any CPU.Build.0 = Debug|Any CPU
		{6F34D376-34A7-458F-9975-C33229806489}.Release|Any CPU.ActiveCfg = Release|Any CPU
		{6F34D376-34A7-458F-9975-C33229806489}.Release|Any CPU.Build.0 = Release|Any CPU
		{C2607BB1-B81B-4B8C-96F4-9743B83B4C18}.Debug|Any CPU.ActiveCfg = Debug|Any CPU
		{C2607BB1-B81B-4B8C-96F4-9743B83B4C18}.Debug|Any CPU.Build.0 = Debug|Any CPU
		{C2607BB1-B81B-4B8C-96F4-9743B83B4C18}.Release|Any CPU.ActiveCfg = Release|Any CPU
		{C2607BB1-B81B-4B8C-96F4-9743B83B4C18}.Release|Any CPU.Build.0 = Release|Any CPU
	EndGlobalSection
EndGlobal
